
Microsoft Visual Studio Solution File, Format Version 12.00
# Visual Studio 14
VisualStudioVersion = 14.0.25420.1
MinimumVisualStudioVersion = 10.0.40219.1
Project("{FAE04EC0-301F-11D3-BF4B-00C04F79EFBC}") = "GradeTrackingEngine", "GradeTrackingEngine\GradeTrackingEngine.csproj", "{CEA3696C-CE20-4B0F-8848-DB4765C6552F}"
EndProject
Project("{FAE04EC0-301F-11D3-BF4B-00C04F79EFBC}") = "GradeTrackingEngine.Test", "GradeTrackingEngine.Test\GradeTrackingEngine.Test.csproj", "{6C9CD604-C076-43A9-B458-F31A52B58A9A}"
EndProject
Global
	GlobalSection(SolutionConfigurationPlatforms) = preSolution
		Debug|Any CPU = Debug|Any CPU
		Release|Any CPU = Release|Any CPU
	EndGlobalSection
	GlobalSection(ProjectConfigurationPlatforms) = postSolution
		{CEA3696C-CE20-4B0F-8848-DB4765C6552F}.Debug|Any CPU.ActiveCfg = Debug|Any CPU
		{CEA3696C-CE20-4B0F-8848-DB4765C6552F}.Debug|Any CPU.Build.0 = Debug|Any CPU
		{CEA3696C-CE20-4B0F-8848-DB4765C6552F}.Release|Any CPU.ActiveCfg = Release|Any CPU
		{CEA3696C-CE20-4B0F-8848-DB4765C6552F}.Release|Any CPU.Build.0 = Release|Any CPU
		{6C9CD604-C076-43A9-B458-F31A52B58A9A}.Debug|Any CPU.ActiveCfg = Debug|Any CPU
		{6C9CD604-C076-43A9-B458-F31A52B58A9A}.Debug|Any CPU.Build.0 = Debug|Any CPU
		{6C9CD604-C076-43A9-B458-F31A52B58A9A}.Release|Any CPU.ActiveCfg = Release|Any CPU
		{6C9CD604-C076-43A9-B458-F31A52B58A9A}.Release|Any CPU.Build.0 = Release|Any CPU
	EndGlobalSection
	GlobalSection(SolutionProperties) = preSolution
		HideSolutionNode = FALSE
	EndGlobalSection
EndGlobal
